// !$*UTF8*$!
{
	archiveVersion = 1;
	classes = {
	};
	objectVersion = 46;
	objects = {

/* Begin PBXBuildFile section */
		AB09B2E2145896C600369027 /* interfaces.h in Resources */ = {isa = PBXBuildFile; fileRef = AB09B2E1145896C600369027 /* interfaces.h */; };
		AB1F2D2D1452189D00EA0198 /* Cocoa.framework in Frameworks */ = {isa = PBXBuildFile; fileRef = AB1F2D2C1452189D00EA0198 /* Cocoa.framework */; };
		AB1F2D371452189D00EA0198 /* InfoPlist.strings in Resources */ = {isa = PBXBuildFile; fileRef = AB1F2D351452189D00EA0198 /* InfoPlist.strings */; };
		AB1F2D391452189D00EA0198 /* main.m in Sources */ = {isa = PBXBuildFile; fileRef = AB1F2D381452189D00EA0198 /* main.m */; };
		AB1F2D3D1452189D00EA0198 /* Credits.rtf in Resources */ = {isa = PBXBuildFile; fileRef = AB1F2D3B1452189D00EA0198 /* Credits.rtf */; };
		AB1F2D401452189D00EA0198 /* AppDelegate.m in Sources */ = {isa = PBXBuildFile; fileRef = AB1F2D3F1452189D00EA0198 /* AppDelegate.m */; };
		AB1F2D431452189D00EA0198 /* MainMenu.xib in Resources */ = {isa = PBXBuildFile; fileRef = AB1F2D411452189D00EA0198 /* MainMenu.xib */; };
		AB1F2D4A145218B100EA0198 /* Fuse4X.framework in Frameworks */ = {isa = PBXBuildFile; fileRef = AB1F2D49145218B100EA0198 /* Fuse4X.framework */; };
		AB1F2D4E145218E900EA0198 /* MAPIFuseFileSystem.m in Sources */ = {isa = PBXBuildFile; fileRef = AB1F2D4D145218E900EA0198 /* MAPIFuseFileSystem.m */; };
		AB1F2D5514521BE700EA0198 /* Fuse.icns in Resources */ = {isa = PBXBuildFile; fileRef = AB1F2D5314521BE700EA0198 /* Fuse.icns */; };
		AB1F2D5614521BE700EA0198 /* hellodoc.icns in Resources */ = {isa = PBXBuildFile; fileRef = AB1F2D5414521BE700EA0198 /* hellodoc.icns */; };
		AB3163D11500EB8C00BFC740 /* MAPIFuseTransaction.m in Sources */ = {isa = PBXBuildFile; fileRef = AB3163D01500EB8C00BFC740 /* MAPIFuseTransaction.m */; };
		AB3163D61500EBAF00BFC740 /* MAPIFuseTransactionalAction.m in Sources */ = {isa = PBXBuildFile; fileRef = AB3163D51500EBAF00BFC740 /* MAPIFuseTransactionalAction.m */; };
		AB3163D91503702100BFC740 /* MAPIFuseTransactionManager.m in Sources */ = {isa = PBXBuildFile; fileRef = AB3163D81503702100BFC740 /* MAPIFuseTransactionManager.m */; };
		AB3163DC150371FA00BFC740 /* MAPI.m in Sources */ = {isa = PBXBuildFile; fileRef = AB3163DB150371FA00BFC740 /* MAPI.m */; };
		AB3163E315038C4B00BFC740 /* MAPIFuseTransactionXMLSerializer.m in Sources */ = {isa = PBXBuildFile; fileRef = AB3163E215038C4B00BFC740 /* MAPIFuseTransactionXMLSerializer.m */; };
		AB51E7F51456061D00670509 /* XMLReader.m in Sources */ = {isa = PBXBuildFile; fileRef = AB51E7F41456061D00670509 /* XMLReader.m */; };
/* End PBXBuildFile section */

/* Begin PBXFileReference section */
		AB09B2E1145896C600369027 /* interfaces.h */ = {isa = PBXFileReference; fileEncoding = 4; lastKnownFileType = sourcecode.c.h; path = interfaces.h; sourceTree = "<group>"; };
		AB1F2D281452189D00EA0198 /* mapifs.app */ = {isa = PBXFileReference; explicitFileType = wrapper.application; includeInIndex = 0; path = mapifs.app; sourceTree = BUILT_PRODUCTS_DIR; };
		AB1F2D2C1452189D00EA0198 /* Cocoa.framework */ = {isa = PBXFileReference; lastKnownFileType = wrapper.framework; name = Cocoa.framework; path = System/Library/Frameworks/Cocoa.framework; sourceTree = SDKROOT; };
		AB1F2D2F1452189D00EA0198 /* AppKit.framework */ = {isa = PBXFileReference; lastKnownFileType = wrapper.framework; name = AppKit.framework; path = System/Library/Frameworks/AppKit.framework; sourceTree = SDKROOT; };
		AB1F2D301452189D00EA0198 /* CoreData.framework */ = {isa = PBXFileReference; lastKnownFileType = wrapper.framework; name = CoreData.framework; path = System/Library/Frameworks/CoreData.framework; sourceTree = SDKROOT; };
		AB1F2D311452189D00EA0198 /* Foundation.framework */ = {isa = PBXFileReference; lastKnownFileType = wrapper.framework; name = Foundation.framework; path = System/Library/Frameworks/Foundation.framework; sourceTree = SDKROOT; };
		AB1F2D341452189D00EA0198 /* mapifs-Info.plist */ = {isa = PBXFileReference; lastKnownFileType = text.plist.xml; path = "mapifs-Info.plist"; sourceTree = "<group>"; };
		AB1F2D361452189D00EA0198 /* en */ = {isa = PBXFileReference; lastKnownFileType = text.plist.strings; name = en; path = en.lproj/InfoPlist.strings; sourceTree = "<group>"; };
		AB1F2D381452189D00EA0198 /* main.m */ = {isa = PBXFileReference; lastKnownFileType = sourcecode.c.objc; path = main.m; sourceTree = "<group>"; };
		AB1F2D3A1452189D00EA0198 /* mapifs-Prefix.pch */ = {isa = PBXFileReference; lastKnownFileType = sourcecode.c.h; path = "mapifs-Prefix.pch"; sourceTree = "<group>"; };
		AB1F2D3C1452189D00EA0198 /* en */ = {isa = PBXFileReference; lastKnownFileType = text.rtf; name = en; path = en.lproj/Credits.rtf; sourceTree = "<group>"; };
		AB1F2D3E1452189D00EA0198 /* AppDelegate.h */ = {isa = PBXFileReference; lastKnownFileType = sourcecode.c.h; path = AppDelegate.h; sourceTree = "<group>"; };
		AB1F2D3F1452189D00EA0198 /* AppDelegate.m */ = {isa = PBXFileReference; lastKnownFileType = sourcecode.c.objc; path = AppDelegate.m; sourceTree = "<group>"; };
		AB1F2D421452189D00EA0198 /* en */ = {isa = PBXFileReference; lastKnownFileType = file.xib; name = en; path = en.lproj/MainMenu.xib; sourceTree = "<group>"; };
		AB1F2D49145218B100EA0198 /* Fuse4X.framework */ = {isa = PBXFileReference; lastKnownFileType = wrapper.framework; name = Fuse4X.framework; path = Library/Frameworks/Fuse4X.framework; sourceTree = SDKROOT; };
		AB1F2D4C145218E900EA0198 /* MAPIFuseFileSystem.h */ = {isa = PBXFileReference; fileEncoding = 4; lastKnownFileType = sourcecode.c.h; path = MAPIFuseFileSystem.h; sourceTree = "<group>"; };
		AB1F2D4D145218E900EA0198 /* MAPIFuseFileSystem.m */ = {isa = PBXFileReference; fileEncoding = 4; lastKnownFileType = sourcecode.c.objc; path = MAPIFuseFileSystem.m; sourceTree = "<group>"; };
		AB1F2D5314521BE700EA0198 /* Fuse.icns */ = {isa = PBXFileReference; lastKnownFileType = image.icns; path = Fuse.icns; sourceTree = "<group>"; };
		AB1F2D5414521BE700EA0198 /* hellodoc.icns */ = {isa = PBXFileReference; lastKnownFileType = image.icns; path = hellodoc.icns; sourceTree = "<group>"; };
		AB3163CF1500EB8C00BFC740 /* MAPIFuseTransaction.h */ = {isa = PBXFileReference; fileEncoding = 4; lastKnownFileType = sourcecode.c.h; path = MAPIFuseTransaction.h; sourceTree = "<group>"; };
		AB3163D01500EB8C00BFC740 /* MAPIFuseTransaction.m */ = {isa = PBXFileReference; fileEncoding = 4; lastKnownFileType = sourcecode.c.objc; path = MAPIFuseTransaction.m; sourceTree = "<group>"; };
		AB3163D41500EBAF00BFC740 /* MAPIFuseTransactionalAction.h */ = {isa = PBXFileReference; fileEncoding = 4; lastKnownFileType = sourcecode.c.h; path = MAPIFuseTransactionalAction.h; sourceTree = "<group>"; };
		AB3163D51500EBAF00BFC740 /* MAPIFuseTransactionalAction.m */ = {isa = PBXFileReference; fileEncoding = 4; lastKnownFileType = sourcecode.c.objc; path = MAPIFuseTransactionalAction.m; sourceTree = "<group>"; };
		AB3163D71503702100BFC740 /* MAPIFuseTransactionManager.h */ = {isa = PBXFileReference; fileEncoding = 4; lastKnownFileType = sourcecode.c.h; path = MAPIFuseTransactionManager.h; sourceTree = "<group>"; };
		AB3163D81503702100BFC740 /* MAPIFuseTransactionManager.m */ = {isa = PBXFileReference; fileEncoding = 4; lastKnownFileType = sourcecode.c.objc; path = MAPIFuseTransactionManager.m; sourceTree = "<group>"; };
		AB3163DA150371FA00BFC740 /* MAPI.h */ = {isa = PBXFileReference; fileEncoding = 4; lastKnownFileType = sourcecode.c.h; path = MAPI.h; sourceTree = "<group>"; };
		AB3163DB150371FA00BFC740 /* MAPI.m */ = {isa = PBXFileReference; fileEncoding = 4; lastKnownFileType = sourcecode.c.objc; path = MAPI.m; sourceTree = "<group>"; };
		AB3163E015038B3400BFC740 /* MAPIFuseTransactionSerializerProtocol.h */ = {isa = PBXFileReference; fileEncoding = 4; lastKnownFileType = sourcecode.c.h; path = MAPIFuseTransactionSerializerProtocol.h; sourceTree = "<group>"; };
		AB3163E115038C4B00BFC740 /* MAPIFuseTransactionXMLSerializer.h */ = {isa = PBXFileReference; fileEncoding = 4; lastKnownFileType = sourcecode.c.h; path = MAPIFuseTransactionXMLSerializer.h; sourceTree = "<group>"; };
		AB3163E215038C4B00BFC740 /* MAPIFuseTransactionXMLSerializer.m */ = {isa = PBXFileReference; fileEncoding = 4; lastKnownFileType = sourcecode.c.objc; path = MAPIFuseTransactionXMLSerializer.m; sourceTree = "<group>"; };
		AB51E7F31456061D00670509 /* XMLReader.h */ = {isa = PBXFileReference; fileEncoding = 4; lastKnownFileType = sourcecode.c.h; path = XMLReader.h; sourceTree = "<group>"; };
		AB51E7F41456061D00670509 /* XMLReader.m */ = {isa = PBXFileReference; fileEncoding = 4; lastKnownFileType = sourcecode.c.objc; path = XMLReader.m; sourceTree = "<group>"; };
/* End PBXFileReference section */

/* Begin PBXFrameworksBuildPhase section */
		AB1F2D251452189D00EA0198 /* Frameworks */ = {
			isa = PBXFrameworksBuildPhase;
			buildActionMask = 2147483647;
			files = (
				AB1F2D4A145218B100EA0198 /* Fuse4X.framework in Frameworks */,
				AB1F2D2D1452189D00EA0198 /* Cocoa.framework in Frameworks */,
			);
			runOnlyForDeploymentPostprocessing = 0;
		};
/* End PBXFrameworksBuildPhase section */

/* Begin PBXGroup section */
		AB1F2D1D1452189D00EA0198 = {
			isa = PBXGroup;
			children = (
				AB1F2D49145218B100EA0198 /* Fuse4X.framework */,
				AB1F2D321452189D00EA0198 /* mapifs */,
				AB1F2D2B1452189D00EA0198 /* Frameworks */,
				AB1F2D291452189D00EA0198 /* Products */,
			);
			sourceTree = "<group>";
		};
		AB1F2D291452189D00EA0198 /* Products */ = {
			isa = PBXGroup;
			children = (
				AB1F2D281452189D00EA0198 /* mapifs.app */,
			);
			name = Products;
			sourceTree = "<group>";
		};
		AB1F2D2B1452189D00EA0198 /* Frameworks */ = {
			isa = PBXGroup;
			children = (
				AB1F2D2C1452189D00EA0198 /* Cocoa.framework */,
				AB1F2D2E1452189D00EA0198 /* Other Frameworks */,
			);
			name = Frameworks;
			sourceTree = "<group>";
		};
		AB1F2D2E1452189D00EA0198 /* Other Frameworks */ = {
			isa = PBXGroup;
			children = (
				AB1F2D2F1452189D00EA0198 /* AppKit.framework */,
				AB1F2D301452189D00EA0198 /* CoreData.framework */,
				AB1F2D311452189D00EA0198 /* Foundation.framework */,
			);
			name = "Other Frameworks";
			sourceTree = "<group>";
		};
		AB1F2D321452189D00EA0198 /* mapifs */ = {
			isa = PBXGroup;
			children = (
				AB1F2D4B145218C400EA0198 /* Classes */,
				AB1F2D3E1452189D00EA0198 /* AppDelegate.h */,
				AB1F2D3F1452189D00EA0198 /* AppDelegate.m */,
				AB1F2D411452189D00EA0198 /* MainMenu.xib */,
				AB1F2D331452189D00EA0198 /* Supporting Files */,
			);
			path = mapifs;
			sourceTree = "<group>";
		};
		AB1F2D331452189D00EA0198 /* Supporting Files */ = {
			isa = PBXGroup;
			children = (
				AB1F2D5314521BE700EA0198 /* Fuse.icns */,
				AB1F2D5414521BE700EA0198 /* hellodoc.icns */,
				AB1F2D341452189D00EA0198 /* mapifs-Info.plist */,
				AB1F2D351452189D00EA0198 /* InfoPlist.strings */,
				AB1F2D381452189D00EA0198 /* main.m */,
				AB1F2D3A1452189D00EA0198 /* mapifs-Prefix.pch */,
				AB1F2D3B1452189D00EA0198 /* Credits.rtf */,
				AB09B2E1145896C600369027 /* interfaces.h */,
			);
			name = "Supporting Files";
			sourceTree = "<group>";
		};
		AB1F2D4B145218C400EA0198 /* Classes */ = {
			isa = PBXGroup;
			children = (
				AB3163D31500EB9400BFC740 /* Transactions */,
				AB3163DA150371FA00BFC740 /* MAPI.h */,
				AB3163DB150371FA00BFC740 /* MAPI.m */,
				AB51E7F31456061D00670509 /* XMLReader.h */,
				AB51E7F41456061D00670509 /* XMLReader.m */,
				AB1F2D4C145218E900EA0198 /* MAPIFuseFileSystem.h */,
				AB1F2D4D145218E900EA0198 /* MAPIFuseFileSystem.m */,
			);
			name = Classes;
			sourceTree = "<group>";
		};
		AB3163D31500EB9400BFC740 /* Transactions */ = {
			isa = PBXGroup;
			children = (
				AB3163E015038B3400BFC740 /* MAPIFuseTransactionSerializerProtocol.h */,
				AB3163CF1500EB8C00BFC740 /* MAPIFuseTransaction.h */,
				AB3163D01500EB8C00BFC740 /* MAPIFuseTransaction.m */,
				AB3163D41500EBAF00BFC740 /* MAPIFuseTransactionalAction.h */,
				AB3163D51500EBAF00BFC740 /* MAPIFuseTransactionalAction.m */,
				AB3163D71503702100BFC740 /* MAPIFuseTransactionManager.h */,
				AB3163D81503702100BFC740 /* MAPIFuseTransactionManager.m */,
				AB3163E115038C4B00BFC740 /* MAPIFuseTransactionXMLSerializer.h */,
				AB3163E215038C4B00BFC740 /* MAPIFuseTransactionXMLSerializer.m */,
			);
			name = Transactions;
			sourceTree = "<group>";
		};
/* End PBXGroup section */

/* Begin PBXNativeTarget section */
		AB1F2D271452189D00EA0198 /* mapifs */ = {
			isa = PBXNativeTarget;
			buildConfigurationList = AB1F2D461452189D00EA0198 /* Build configuration list for PBXNativeTarget "mapifs" */;
			buildPhases = (
				AB1F2D261452189D00EA0198 /* Resources */,
				AB1F2D241452189D00EA0198 /* Sources */,
				AB1F2D251452189D00EA0198 /* Frameworks */,
			);
			buildRules = (
			);
			dependencies = (
			);
			name = mapifs;
			productName = mapifs;
			productReference = AB1F2D281452189D00EA0198 /* mapifs.app */;
			productType = "com.apple.product-type.application";
		};
/* End PBXNativeTarget section */

/* Begin PBXProject section */
		AB1F2D1F1452189D00EA0198 /* Project object */ = {
			isa = PBXProject;
			attributes = {
				LastUpgradeCheck = 0420;
				ORGANIZATIONNAME = Cetrea;
			};
			buildConfigurationList = AB1F2D221452189D00EA0198 /* Build configuration list for PBXProject "mapifs" */;
			compatibilityVersion = "Xcode 3.2";
			developmentRegion = English;
			hasScannedForEncodings = 0;
			knownRegions = (
				en,
			);
			mainGroup = AB1F2D1D1452189D00EA0198;
			productRefGroup = AB1F2D291452189D00EA0198 /* Products */;
			projectDirPath = "";
			projectRoot = "";
			targets = (
				AB1F2D271452189D00EA0198 /* mapifs */,
			);
		};
/* End PBXProject section */

/* Begin PBXResourcesBuildPhase section */
		AB1F2D261452189D00EA0198 /* Resources */ = {
			isa = PBXResourcesBuildPhase;
			buildActionMask = 2147483647;
			files = (
				AB1F2D371452189D00EA0198 /* InfoPlist.strings in Resources */,
				AB1F2D3D1452189D00EA0198 /* Credits.rtf in Resources */,
				AB1F2D431452189D00EA0198 /* MainMenu.xib in Resources */,
				AB1F2D5514521BE700EA0198 /* Fuse.icns in Resources */,
				AB1F2D5614521BE700EA0198 /* hellodoc.icns in Resources */,
				AB09B2E2145896C600369027 /* interfaces.h in Resources */,
			);
			runOnlyForDeploymentPostprocessing = 0;
		};
/* End PBXResourcesBuildPhase section */

/* Begin PBXSourcesBuildPhase section */
		AB1F2D241452189D00EA0198 /* Sources */ = {
			isa = PBXSourcesBuildPhase;
			buildActionMask = 2147483647;
			files = (
				AB1F2D391452189D00EA0198 /* main.m in Sources */,
				AB1F2D401452189D00EA0198 /* AppDelegate.m in Sources */,
				AB1F2D4E145218E900EA0198 /* MAPIFuseFileSystem.m in Sources */,
				AB51E7F51456061D00670509 /* XMLReader.m in Sources */,
				AB3163D11500EB8C00BFC740 /* MAPIFuseTransaction.m in Sources */,
				AB3163D61500EBAF00BFC740 /* MAPIFuseTransactionalAction.m in Sources */,
				AB3163D91503702100BFC740 /* MAPIFuseTransactionManager.m in Sources */,
				AB3163DC150371FA00BFC740 /* MAPI.m in Sources */,
				AB3163E315038C4B00BFC740 /* MAPIFuseTransactionXMLSerializer.m in Sources */,
			);
			runOnlyForDeploymentPostprocessing = 0;
		};
/* End PBXSourcesBuildPhase section */

/* Begin PBXVariantGroup section */
		AB1F2D351452189D00EA0198 /* InfoPlist.strings */ = {
			isa = PBXVariantGroup;
			children = (
				AB1F2D361452189D00EA0198 /* en */,
			);
			name = InfoPlist.strings;
			sourceTree = "<group>";
		};
		AB1F2D3B1452189D00EA0198 /* Credits.rtf */ = {
			isa = PBXVariantGroup;
			children = (
				AB1F2D3C1452189D00EA0198 /* en */,
			);
			name = Credits.rtf;
			sourceTree = "<group>";
		};
		AB1F2D411452189D00EA0198 /* MainMenu.xib */ = {
			isa = PBXVariantGroup;
			children = (
				AB1F2D421452189D00EA0198 /* en */,
			);
			name = MainMenu.xib;
			sourceTree = "<group>";
		};
/* End PBXVariantGroup section */

/* Begin XCBuildConfiguration section */
		AB1F2D441452189D00EA0198 /* Debug */ = {
			isa = XCBuildConfiguration;
			buildSettings = {
				ALWAYS_SEARCH_USER_PATHS = NO;
				ARCHS = "$(ARCHS_STANDARD_64_BIT)";
				CLANG_ENABLE_OBJC_ARC = NO;
				COPY_PHASE_STRIP = NO;
				GCC_C_LANGUAGE_STANDARD = gnu99;
				GCC_DYNAMIC_NO_PIC = NO;
				GCC_ENABLE_OBJC_EXCEPTIONS = YES;
				GCC_OPTIMIZATION_LEVEL = 0;
				GCC_PREPROCESSOR_DEFINITIONS = (
					"DEBUG=1",
					"$(inherited)",
				);
				GCC_SYMBOLS_PRIVATE_EXTERN = NO;
				GCC_VERSION = com.apple.compilers.llvm.clang.1_0;
				GCC_WARN_64_TO_32_BIT_CONVERSION = YES;
				GCC_WARN_ABOUT_MISSING_PROTOTYPES = YES;
				GCC_WARN_ABOUT_RETURN_TYPE = YES;
				GCC_WARN_UNUSED_VARIABLE = YES;
				MACOSX_DEPLOYMENT_TARGET = 10.7;
				ONLY_ACTIVE_ARCH = YES;
				SDKROOT = macosx;
			};
			name = Debug;
		};
		AB1F2D451452189D00EA0198 /* Release */ = {
			isa = XCBuildConfiguration;
			buildSettings = {
				ALWAYS_SEARCH_USER_PATHS = NO;
				ARCHS = "$(ARCHS_STANDARD_64_BIT)";
				CLANG_ENABLE_OBJC_ARC = NO;
				COPY_PHASE_STRIP = YES;
				DEBUG_INFORMATION_FORMAT = "dwarf-with-dsym";
				GCC_C_LANGUAGE_STANDARD = gnu99;
				GCC_ENABLE_OBJC_EXCEPTIONS = YES;
				GCC_VERSION = com.apple.compilers.llvm.clang.1_0;
				GCC_WARN_64_TO_32_BIT_CONVERSION = YES;
				GCC_WARN_ABOUT_MISSING_PROTOTYPES = YES;
				GCC_WARN_ABOUT_RETURN_TYPE = YES;
				GCC_WARN_UNUSED_VARIABLE = YES;
				MACOSX_DEPLOYMENT_TARGET = 10.7;
				SDKROOT = macosx;
			};
			name = Release;
		};
		AB1F2D471452189D00EA0198 /* Debug */ = {
			isa = XCBuildConfiguration;
			buildSettings = {
				ARCHS = "$(ARCHS_STANDARD_32_64_BIT)";
				GCC_PRECOMPILE_PREFIX_HEADER = YES;
				GCC_PREFIX_HEADER = "mapifs/mapifs-Prefix.pch";
				INFOPLIST_FILE = "mapifs/mapifs-Info.plist";
				MACOSX_DEPLOYMENT_TARGET = 10.7;
				PRODUCT_NAME = "$(TARGET_NAME)";
				WRAPPER_EXTENSION = app;
			};
			name = Debug;
		};
		AB1F2D481452189D00EA0198 /* Release */ = {
			isa = XCBuildConfiguration;
			buildSettings = {
				ARCHS = "$(ARCHS_STANDARD_32_64_BIT)";
				GCC_PRECOMPILE_PREFIX_HEADER = YES;
				GCC_PREFIX_HEADER = "mapifs/mapifs-Prefix.pch";
				INFOPLIST_FILE = "mapifs/mapifs-Info.plist";
				MACOSX_DEPLOYMENT_TARGET = 10.7;
				PRODUCT_NAME = "$(TARGET_NAME)";
				WRAPPER_EXTENSION = app;
			};
			name = Release;
		};
/* End XCBuildConfiguration section */

/* Begin XCConfigurationList section */
		AB1F2D221452189D00EA0198 /* Build configuration list for PBXProject "mapifs" */ = {
			isa = XCConfigurationList;
			buildConfigurations = (
				AB1F2D441452189D00EA0198 /* Debug */,
				AB1F2D451452189D00EA0198 /* Release */,
			);
			defaultConfigurationIsVisible = 0;
			defaultConfigurationName = Release;
		};
		AB1F2D461452189D00EA0198 /* Build configuration list for PBXNativeTarget "mapifs" */ = {
			isa = XCConfigurationList;
			buildConfigurations = (
				AB1F2D471452189D00EA0198 /* Debug */,
				AB1F2D481452189D00EA0198 /* Release */,
			);
			defaultConfigurationIsVisible = 0;
			defaultConfigurationName = Release;
		};
/* End XCConfigurationList section */
	};
	rootObject = AB1F2D1F1452189D00EA0198 /* Project object */;
}
